
Microsoft Visual Studio Solution File, Format Version 12.00
# Visual Studio Version 16
VisualStudioVersion = 16.0.31025.194
MinimumVisualStudioVersion = 10.0.40219.1
Project("{9A19103F-16F7-4668-BE54-9A1E7A4F7556}") = "KampIntro", "KampIntro\KampIntro.csproj", "{04637FC0-B1E2-4D2D-B292-B2299438CD18}"
EndProject
Project("{9A19103F-16F7-4668-BE54-9A1E7A4F7556}") = "Donguler", "Donguler\Donguler.csproj", "{EF888A10-8244-4908-A411-7CE6420B81ED}"
EndProject
Project("{9A19103F-16F7-4668-BE54-9A1E7A4F7556}") = "ClassIntro", "ClassIntro\ClassIntro.csproj", "{14933041-801A-4534-BE06-8AA65261EF73}"
EndProject
Project("{FAE04EC0-301F-11D3-BF4B-00C04F79EFBC}") = "Metotlar", "Metotlar\Metotlar.csproj", "{98DE2D60-9FE7-42C9-A4F3-186F0A69E2E9}"
EndProject
Project("{FAE04EC0-301F-11D3-BF4B-00C04F79EFBC}") = "Matematik", "Matematik\Matematik.csproj", "{09B9AC7E-0EC0-4B74-90FD-2C5E38B00700}"
EndProject
Project("{FAE04EC0-301F-11D3-BF4B-00C04F79EFBC}") = "DegerVeReferansTipler", "DegerVeReferansTipler\DegerVeReferansTipler.csproj", "{4ABDF5D3-EB9C-4F5E-AF64-DB513EB98656}"
EndProject
Global
	GlobalSection(SolutionConfigurationPlatforms) = preSolution
		Debug|Any CPU = Debug|Any CPU
		Release|Any CPU = Release|Any CPU
	EndGlobalSection
	GlobalSection(ProjectConfigurationPlatforms) = postSolution
		{04637FC0-B1E2-4D2D-B292-B2299438CD18}.Debug|Any CPU.ActiveCfg = Debug|Any CPU
		{04637FC0-B1E2-4D2D-B292-B2299438CD18}.Debug|Any CPU.Build.0 = Debug|Any CPU
		{04637FC0-B1E2-4D2D-B292-B2299438CD18}.Release|Any CPU.ActiveCfg = Release|Any CPU
		{04637FC0-B1E2-4D2D-B292-B2299438CD18}.Release|Any CPU.Build.0 = Release|Any CPU
		{EF888A10-8244-4908-A411-7CE6420B81ED}.Debug|Any CPU.ActiveCfg = Debug|Any CPU
		{EF888A10-8244-4908-A411-7CE6420B81ED}.Debug|Any CPU.Build.0 = Debug|Any CPU
		{EF888A10-8244-4908-A411-7CE6420B81ED}.Release|Any CPU.ActiveCfg = Release|Any CPU
		{EF888A10-8244-4908-A411-7CE6420B81ED}.Release|Any CPU.Build.0 = Release|Any CPU
		{14933041-801A-4534-BE06-8AA65261EF73}.Debug|Any CPU.ActiveCfg = Debug|Any CPU
		{14933041-801A-4534-BE06-8AA65261EF73}.Debug|Any CPU.Build.0 = Debug|Any CPU
		{14933041-801A-4534-BE06-8AA65261EF73}.Release|Any CPU.ActiveCfg = Release|Any CPU
		{14933041-801A-4534-BE06-8AA65261EF73}.Release|Any CPU.Build.0 = Release|Any CPU
		{98DE2D60-9FE7-42C9-A4F3-186F0A69E2E9}.Debug|Any CPU.ActiveCfg = Debug|Any CPU
		{98DE2D60-9FE7-42C9-A4F3-186F0A69E2E9}.Debug|Any CPU.Build.0 = Debug|Any CPU
		{98DE2D60-9FE7-42C9-A4F3-186F0A69E2E9}.Release|Any CPU.ActiveCfg = Release|Any CPU
		{98DE2D60-9FE7-42C9-A4F3-186F0A69E2E9}.Release|Any CPU.Build.0 = Release|Any CPU
		{09B9AC7E-0EC0-4B74-90FD-2C5E38B00700}.Debug|Any CPU.ActiveCfg = Debug|Any CPU
		{09B9AC7E-0EC0-4B74-90FD-2C5E38B00700}.Debug|Any CPU.Build.0 = Debug|Any CPU
		{09B9AC7E-0EC0-4B74-90FD-2C5E38B00700}.Release|Any CPU.ActiveCfg = Release|Any CPU
		{09B9AC7E-0EC0-4B74-90FD-2C5E38B00700}.Release|Any CPU.Build.0 = Release|Any CPU
		{4ABDF5D3-EB9C-4F5E-AF64-DB513EB98656}.Debug|Any CPU.ActiveCfg = Debug|Any CPU
		{4ABDF5D3-EB9C-4F5E-AF64-DB513EB98656}.Debug|Any CPU.Build.0 = Debug|Any CPU
		{4ABDF5D3-EB9C-4F5E-AF64-DB513EB98656}.Release|Any CPU.ActiveCfg = Release|Any CPU
		{4ABDF5D3-EB9C-4F5E-AF64-DB513EB98656}.Release|Any CPU.Build.0 = Release|Any CPU
	EndGlobalSection
	GlobalSection(SolutionProperties) = preSolution
		HideSolutionNode = FALSE
	EndGlobalSection
	GlobalSection(ExtensibilityGlobals) = postSolution
		SolutionGuid = {C07A2C78-F2EF-4469-AB4A-0E88F7E7F798}
	EndGlobalSection
EndGlobal
